PODS:
  - GooglePlacesSearchController (0.1.7):
    - IQKeyboardManagerSwift (= 4.0.9)
  - IQKeyboardManagerSwift (4.0.9)

DEPENDENCIES:
  - GooglePlacesSearchController (from `../`)

EXTERNAL SOURCES:
  GooglePlacesSearchController:
    :path: "../"

SPEC CHECKSUMS:
  GooglePlacesSearchController: 6cb06105da22952a8f0d1b2d348eb48ed3f4b04e
  IQKeyboardManagerSwift: 2eefe6c429b86aa08bfbc1b5c891164d754adf91

PODFILE CHECKSUM: c2bf1e0a214d2c575c504d0f69e1cebad971a433

COCOAPODS: 1.2.0
